
Microsoft Visual Studio Solution File, Format Version 11.00
# Visual Studio 2010
Project("{8BC9CEB8-8B4A-11D0-8D11-00A0C91BC942}") = "newproto", "newproto\newproto.vcxproj", "{478F72B9-A3E9-4477-B2B8-88C0B3718D01}"
EndProject
Global
	GlobalSection(SolutionConfigurationPlatforms) = preSolution
		Debug|Win32 = Debug|Win32
		Release|Win32 = Release|Win32
	EndGlobalSection
	GlobalSection(ProjectConfigurationPlatforms) = postSolution
		{478F72B9-A3E9-4477-B2B8-88C0B3718D01}.Debug|Win32.ActiveCfg = Debug|Win32
		{478F72B9-A3E9-4477-B2B8-88C0B3718D01}.Debug|Win32.Build.0 = Debug|Win32
		{478F72B9-A3E9-4477-B2B8-88C0B3718D01}.Release|Win32.ActiveCfg = Release|Win32
		{478F72B9-A3E9-4477-B2B8-88C0B3718D01}.Release|Win32.Build.0 = Release|Win32
	EndGlobalSection
	GlobalSection(SolutionProperties) = preSolution
		HideSolutionNode = FALSE
	EndGlobalSection
EndGlobal
